
Microsoft Visual Studio Solution File, Format Version 12.00
# Visual Studio Version 16
VisualStudioVersion = 16.0.31112.23
MinimumVisualStudioVersion = 10.0.40219.1
Project("{FAE04EC0-301F-11D3-BF4B-00C04F79EFBC}") = "Assembly-CSharp", "Assembly-CSharp.csproj", "{38E24355-6D1D-7254-5CF4-D160E2B43788}"
EndProject
Global
	GlobalSection(SolutionConfigurationPlatforms) = preSolution
		Debug|Any CPU = Debug|Any CPU
		Release|Any CPU = Release|Any CPU
	EndGlobalSection
	GlobalSection(ProjectConfigurationPlatforms) = postSolution
		{38E24355-6D1D-7254-5CF4-D160E2B43788}.Debug|Any CPU.ActiveCfg = Debug|Any CPU
		{38E24355-6D1D-7254-5CF4-D160E2B43788}.Debug|Any CPU.Build.0 = Debug|Any CPU
		{38E24355-6D1D-7254-5CF4-D160E2B43788}.Release|Any CPU.ActiveCfg = Release|Any CPU
		{38E24355-6D1D-7254-5CF4-D160E2B43788}.Release|Any CPU.Build.0 = Release|Any CPU
	EndGlobalSection
	GlobalSection(SolutionProperties) = preSolution
		HideSolutionNode = FALSE
	EndGlobalSection
	GlobalSection(ExtensibilityGlobals) = postSolution
		SolutionGuid = {CC87FC62-1378-45AF-93FA-90CA03D6BCA3}
	EndGlobalSection
EndGlobal
